
Microsoft Visual Studio Solution File, Format Version 12.00
# Visual Studio 15
VisualStudioVersion = 15.0.28010.2041
MinimumVisualStudioVersion = 10.0.40219.1
Project("{9A19103F-16F7-4668-BE54-9A1E7A4F7556}") = "Functions.Infrastructure", "Functions.Infrastructure.Http\Functions.Infrastructure.csproj", "{A2E00D38-70D6-47DB-AAC6-5C366C4B0920}"
EndProject
Project("{2150E333-8FDC-42A3-9474-1A3956D46DE8}") = "Infrastructure", "Infrastructure", "{730E8161-7C2B-4FE4-A0FD-E042518F3E42}"
EndProject
Project("{9A19103F-16F7-4668-BE54-9A1E7A4F7556}") = "Functions.Infrastructure.Pipeline", "Functions.Infrastructure.Pipeline\Functions.Infrastructure.Pipeline.csproj", "{9D600B14-2AA4-4A40-B69A-70D36B7EEDAD}"
EndProject
Project("{9A19103F-16F7-4668-BE54-9A1E7A4F7556}") = "Functions.Infrastructure.Pipeline.FluentValidation", "Functions.Infrastructure.Pipeline.FluentValidation\Functions.Infrastructure.Pipeline.FluentValidation.csproj", "{210DAE54-982D-4E6C-A79A-0C1675C89FAD}"
EndProject
Project("{9A19103F-16F7-4668-BE54-9A1E7A4F7556}") = "Functions.Infrastructure.Pipeline.Deserialization", "Functions.Infrastructure.Pipeline.Deserialization\Functions.Infrastructure.Pipeline.Deserialization.csproj", "{FB16840E-2DC8-4856-8305-2D2178EB030B}"
EndProject
Project("{9A19103F-16F7-4668-BE54-9A1E7A4F7556}") = "Functions.Infrastructure.Pipeline.ExceptionHandling", "Functions.Infrastructure.Pipeline.ExceptionHandling\Functions.Infrastructure.Pipeline.ExceptionHandling.csproj", "{0AF494FE-CA85-4C9A-B178-F0826FE65C50}"
EndProject
Project("{9A19103F-16F7-4668-BE54-9A1E7A4F7556}") = "Functions.Accounts", "Functions.Accounts\Functions.Accounts.csproj", "{4339BE9D-3FA3-49A1-8C06-DDC6ECE525C9}"
EndProject
Project("{2150E333-8FDC-42A3-9474-1A3956D46DE8}") = "Functions", "Functions", "{DF710318-DFF2-4B21-98D8-13113B920865}"
EndProject
Project("{2150E333-8FDC-42A3-9474-1A3956D46DE8}") = "Accounts", "Accounts", "{74D12039-89DE-4E25-BB84-DF5FAA958F97}"
EndProject
Project("{9A19103F-16F7-4668-BE54-9A1E7A4F7556}") = "Functions.Accounts.Core", "Functions.Accounts.Core\Functions.Accounts.Core.csproj", "{F326A747-545D-4B68-B5B6-8E04B577690F}"
EndProject
Project("{9A19103F-16F7-4668-BE54-9A1E7A4F7556}") = "Functions.Accounts.DataAccess", "Functions.Accounts.DataAccess\Functions.Accounts.DataAccess.csproj", "{22C6F7E7-2EEA-4159-A63C-6CC52B8FE706}"
EndProject
Project("{2150E333-8FDC-42A3-9474-1A3956D46DE8}") = "Tutorials", "Tutorials", "{9497D612-62DC-4598-B2D8-314DFC0413F1}"
EndProject
Project("{9A19103F-16F7-4668-BE54-9A1E7A4F7556}") = "Functions.Tutorials.Core", "Functions.Tutorials.Core\Functions.Tutorials.Core.csproj", "{42137877-D694-429A-B36B-BA1279228699}"
EndProject
Project("{FAE04EC0-301F-11D3-BF4B-00C04F79EFBC}") = "Functions.Tutorials.DataAccess", "Functions.Tutorials.DataAccess\Functions.Tutorials.DataAccess.csproj", "{612C7AD2-1769-4C49-AE4C-C3F435FA3A4F}"
EndProject
Project("{FAE04EC0-301F-11D3-BF4B-00C04F79EFBC}") = "Functions.Tutorials", "Functions.Tutorials\Functions.Tutorials.csproj", "{1DC9D16D-2839-4BEA-9F06-F0F61A7A201F}"
EndProject
Global
	GlobalSection(SolutionConfigurationPlatforms) = preSolution
		Debug|Any CPU = Debug|Any CPU
		Release|Any CPU = Release|Any CPU
	EndGlobalSection
	GlobalSection(ProjectConfigurationPlatforms) = postSolution
		{A2E00D38-70D6-47DB-AAC6-5C366C4B0920}.Debug|Any CPU.ActiveCfg = Debug|Any CPU
		{A2E00D38-70D6-47DB-AAC6-5C366C4B0920}.Debug|Any CPU.Build.0 = Debug|Any CPU
		{A2E00D38-70D6-47DB-AAC6-5C366C4B0920}.Release|Any CPU.ActiveCfg = Release|Any CPU
		{A2E00D38-70D6-47DB-AAC6-5C366C4B0920}.Release|Any CPU.Build.0 = Release|Any CPU
		{9D600B14-2AA4-4A40-B69A-70D36B7EEDAD}.Debug|Any CPU.ActiveCfg = Debug|Any CPU
		{9D600B14-2AA4-4A40-B69A-70D36B7EEDAD}.Debug|Any CPU.Build.0 = Debug|Any CPU
		{9D600B14-2AA4-4A40-B69A-70D36B7EEDAD}.Release|Any CPU.ActiveCfg = Release|Any CPU
		{9D600B14-2AA4-4A40-B69A-70D36B7EEDAD}.Release|Any CPU.Build.0 = Release|Any CPU
		{210DAE54-982D-4E6C-A79A-0C1675C89FAD}.Debug|Any CPU.ActiveCfg = Debug|Any CPU
		{210DAE54-982D-4E6C-A79A-0C1675C89FAD}.Debug|Any CPU.Build.0 = Debug|Any CPU
		{210DAE54-982D-4E6C-A79A-0C1675C89FAD}.Release|Any CPU.ActiveCfg = Release|Any CPU
		{210DAE54-982D-4E6C-A79A-0C1675C89FAD}.Release|Any CPU.Build.0 = Release|Any CPU
		{FB16840E-2DC8-4856-8305-2D2178EB030B}.Debug|Any CPU.ActiveCfg = Debug|Any CPU
		{FB16840E-2DC8-4856-8305-2D2178EB030B}.Debug|Any CPU.Build.0 = Debug|Any CPU
		{FB16840E-2DC8-4856-8305-2D2178EB030B}.Release|Any CPU.ActiveCfg = Release|Any CPU
		{FB16840E-2DC8-4856-8305-2D2178EB030B}.Release|Any CPU.Build.0 = Release|Any CPU
		{0AF494FE-CA85-4C9A-B178-F0826FE65C50}.Debug|Any CPU.ActiveCfg = Debug|Any CPU
		{0AF494FE-CA85-4C9A-B178-F0826FE65C50}.Debug|Any CPU.Build.0 = Debug|Any CPU
		{0AF494FE-CA85-4C9A-B178-F0826FE65C50}.Release|Any CPU.ActiveCfg = Release|Any CPU
		{0AF494FE-CA85-4C9A-B178-F0826FE65C50}.Release|Any CPU.Build.0 = Release|Any CPU
		{4339BE9D-3FA3-49A1-8C06-DDC6ECE525C9}.Debug|Any CPU.ActiveCfg = Debug|Any CPU
		{4339BE9D-3FA3-49A1-8C06-DDC6ECE525C9}.Debug|Any CPU.Build.0 = Debug|Any CPU
		{4339BE9D-3FA3-49A1-8C06-DDC6ECE525C9}.Release|Any CPU.ActiveCfg = Release|Any CPU
		{4339BE9D-3FA3-49A1-8C06-DDC6ECE525C9}.Release|Any CPU.Build.0 = Release|Any CPU
		{F326A747-545D-4B68-B5B6-8E04B577690F}.Debug|Any CPU.ActiveCfg = Debug|Any CPU
		{F326A747-545D-4B68-B5B6-8E04B577690F}.Debug|Any CPU.Build.0 = Debug|Any CPU
		{F326A747-545D-4B68-B5B6-8E04B577690F}.Release|Any CPU.ActiveCfg = Release|Any CPU
		{F326A747-545D-4B68-B5B6-8E04B577690F}.Release|Any CPU.Build.0 = Release|Any CPU
		{22C6F7E7-2EEA-4159-A63C-6CC52B8FE706}.Debug|Any CPU.ActiveCfg = Debug|Any CPU
		{22C6F7E7-2EEA-4159-A63C-6CC52B8FE706}.Debug|Any CPU.Build.0 = Debug|Any CPU
		{22C6F7E7-2EEA-4159-A63C-6CC52B8FE706}.Release|Any CPU.ActiveCfg = Release|Any CPU
		{22C6F7E7-2EEA-4159-A63C-6CC52B8FE706}.Release|Any CPU.Build.0 = Release|Any CPU
		{42137877-D694-429A-B36B-BA1279228699}.Debug|Any CPU.ActiveCfg = Debug|Any CPU
		{42137877-D694-429A-B36B-BA1279228699}.Debug|Any CPU.Build.0 = Debug|Any CPU
		{42137877-D694-429A-B36B-BA1279228699}.Release|Any CPU.ActiveCfg = Release|Any CPU
		{42137877-D694-429A-B36B-BA1279228699}.Release|Any CPU.Build.0 = Release|Any CPU
		{612C7AD2-1769-4C49-AE4C-C3F435FA3A4F}.Debug|Any CPU.ActiveCfg = Debug|Any CPU
		{612C7AD2-1769-4C49-AE4C-C3F435FA3A4F}.Debug|Any CPU.Build.0 = Debug|Any CPU
		{612C7AD2-1769-4C49-AE4C-C3F435FA3A4F}.Release|Any CPU.ActiveCfg = Release|Any CPU
		{612C7AD2-1769-4C49-AE4C-C3F435FA3A4F}.Release|Any CPU.Build.0 = Release|Any CPU
		{1DC9D16D-2839-4BEA-9F06-F0F61A7A201F}.Debug|Any CPU.ActiveCfg = Debug|Any CPU
		{1DC9D16D-2839-4BEA-9F06-F0F61A7A201F}.Debug|Any CPU.Build.0 = Debug|Any CPU
		{1DC9D16D-2839-4BEA-9F06-F0F61A7A201F}.Release|Any CPU.ActiveCfg = Release|Any CPU
		{1DC9D16D-2839-4BEA-9F06-F0F61A7A201F}.Release|Any CPU.Build.0 = Release|Any CPU
	EndGlobalSection
	GlobalSection(SolutionProperties) = preSolution
		HideSolutionNode = FALSE
	EndGlobalSection
	GlobalSection(NestedProjects) = preSolution
		{A2E00D38-70D6-47DB-AAC6-5C366C4B0920} = {730E8161-7C2B-4FE4-A0FD-E042518F3E42}
		{9D600B14-2AA4-4A40-B69A-70D36B7EEDAD} = {730E8161-7C2B-4FE4-A0FD-E042518F3E42}
		{210DAE54-982D-4E6C-A79A-0C1675C89FAD} = {730E8161-7C2B-4FE4-A0FD-E042518F3E42}
		{FB16840E-2DC8-4856-8305-2D2178EB030B} = {730E8161-7C2B-4FE4-A0FD-E042518F3E42}
		{0AF494FE-CA85-4C9A-B178-F0826FE65C50} = {730E8161-7C2B-4FE4-A0FD-E042518F3E42}
		{4339BE9D-3FA3-49A1-8C06-DDC6ECE525C9} = {74D12039-89DE-4E25-BB84-DF5FAA958F97}
		{74D12039-89DE-4E25-BB84-DF5FAA958F97} = {DF710318-DFF2-4B21-98D8-13113B920865}
		{F326A747-545D-4B68-B5B6-8E04B577690F} = {74D12039-89DE-4E25-BB84-DF5FAA958F97}
		{22C6F7E7-2EEA-4159-A63C-6CC52B8FE706} = {74D12039-89DE-4E25-BB84-DF5FAA958F97}
		{9497D612-62DC-4598-B2D8-314DFC0413F1} = {DF710318-DFF2-4B21-98D8-13113B920865}
		{42137877-D694-429A-B36B-BA1279228699} = {9497D612-62DC-4598-B2D8-314DFC0413F1}
		{612C7AD2-1769-4C49-AE4C-C3F435FA3A4F} = {9497D612-62DC-4598-B2D8-314DFC0413F1}
		{1DC9D16D-2839-4BEA-9F06-F0F61A7A201F} = {9497D612-62DC-4598-B2D8-314DFC0413F1}
	EndGlobalSection
	GlobalSection(ExtensibilityGlobals) = postSolution
		SolutionGuid = {3F1E7B50-D5EF-4BA0-9753-9AB64C0AFC68}
	EndGlobalSection
EndGlobal
